
Microsoft Visual Studio Solution File, Format Version 12.00
# Visual Studio Version 17
VisualStudioVersion = 17.13.35931.197 d17.13
MinimumVisualStudioVersion = 10.0.40219.1
Project("{FAE04EC0-301F-11D3-BF4B-00C04F79EFBC}") = "InvestigationGame", "InvestigationGame\InvestigationGame.csproj", "{A560FFE0-ED9C-44B1-80D7-C8F35FB8569C}"
EndProject
Global
	GlobalSection(SolutionConfigurationPlatforms) = preSolution
		Debug|Any CPU = Debug|Any CPU
		Release|Any CPU = Release|Any CPU
	EndGlobalSection
	GlobalSection(ProjectConfigurationPlatforms) = postSolution
		{A560FFE0-ED9C-44B1-80D7-C8F35FB8569C}.Debug|Any CPU.ActiveCfg = Debug|Any CPU
		{A560FFE0-ED9C-44B1-80D7-C8F35FB8569C}.Debug|Any CPU.Build.0 = Debug|Any CPU
		{A560FFE0-ED9C-44B1-80D7-C8F35FB8569C}.Release|Any CPU.ActiveCfg = Release|Any CPU
		{A560FFE0-ED9C-44B1-80D7-C8F35FB8569C}.Release|Any CPU.Build.0 = Release|Any CPU
	EndGlobalSection
	GlobalSection(SolutionProperties) = preSolution
		HideSolutionNode = FALSE
	EndGlobalSection
	GlobalSection(ExtensibilityGlobals) = postSolution
		SolutionGuid = {D0A9032A-BC3B-4EC1-80A9-BBB8150A8C2D}
	EndGlobalSection
EndGlobal
